
Microsoft Visual Studio Solution File, Format Version 12.00
# Visual Studio 15
VisualStudioVersion = 15.0.28307.421
MinimumVisualStudioVersion = 10.0.40219.1
Project("{9A19103F-16F7-4668-BE54-9A1E7A4F7556}") = "Send", "Send.csproj", "{6C1837E0-B22A-4EBE-B5C8-BDA53A25A125}"
EndProject
Global
	GlobalSection(SolutionConfigurationPlatforms) = preSolution
		Debug|Any CPU = Debug|Any CPU
		Release|Any CPU = Release|Any CPU
	EndGlobalSection
	GlobalSection(ProjectConfigurationPlatforms) = postSolution
		{6C1837E0-B22A-4EBE-B5C8-BDA53A25A125}.Debug|Any CPU.ActiveCfg = Debug|Any CPU
		{6C1837E0-B22A-4EBE-B5C8-BDA53A25A125}.Debug|Any CPU.Build.0 = Debug|Any CPU
		{6C1837E0-B22A-4EBE-B5C8-BDA53A25A125}.Release|Any CPU.ActiveCfg = Release|Any CPU
		{6C1837E0-B22A-4EBE-B5C8-BDA53A25A125}.Release|Any CPU.Build.0 = Release|Any CPU
	EndGlobalSection
	GlobalSection(SolutionProperties) = preSolution
		HideSolutionNode = FALSE
	EndGlobalSection
	GlobalSection(ExtensibilityGlobals) = postSolution
		SolutionGuid = {58ED61ED-5142-46B2-B01F-D2D8541ED9C7}
	EndGlobalSection
EndGlobal
